
Microsoft Visual Studio Solution File, Format Version 12.00
# Visual Studio Version 17
VisualStudioVersion = 17.5.33502.453
MinimumVisualStudioVersion = 10.0.40219.1
Project("{FAE04EC0-301F-11D3-BF4B-00C04F79EFBC}") = "EJERCICO1", "TrabajoPractico2\EJERCICO1.csproj", "{0A7A3124-9DDC-49A7-B802-2481B636FFCF}"
EndProject
Project("{FAE04EC0-301F-11D3-BF4B-00C04F79EFBC}") = "EJERCICO2", "EJERCICO2\EJERCICO2.csproj", "{F8C9B368-F742-4A6C-BD90-77CB0C77A8C6}"
EndProject
Global
	GlobalSection(SolutionConfigurationPlatforms) = preSolution
		Debug|Any CPU = Debug|Any CPU
		Release|Any CPU = Release|Any CPU
	EndGlobalSection
	GlobalSection(ProjectConfigurationPlatforms) = postSolution
		{0A7A3124-9DDC-49A7-B802-2481B636FFCF}.Debug|Any CPU.ActiveCfg = Debug|Any CPU
		{0A7A3124-9DDC-49A7-B802-2481B636FFCF}.Debug|Any CPU.Build.0 = Debug|Any CPU
		{0A7A3124-9DDC-49A7-B802-2481B636FFCF}.Release|Any CPU.ActiveCfg = Release|Any CPU
		{0A7A3124-9DDC-49A7-B802-2481B636FFCF}.Release|Any CPU.Build.0 = Release|Any CPU
		{F8C9B368-F742-4A6C-BD90-77CB0C77A8C6}.Debug|Any CPU.ActiveCfg = Debug|Any CPU
		{F8C9B368-F742-4A6C-BD90-77CB0C77A8C6}.Debug|Any CPU.Build.0 = Debug|Any CPU
		{F8C9B368-F742-4A6C-BD90-77CB0C77A8C6}.Release|Any CPU.ActiveCfg = Release|Any CPU
		{F8C9B368-F742-4A6C-BD90-77CB0C77A8C6}.Release|Any CPU.Build.0 = Release|Any CPU
	EndGlobalSection
	GlobalSection(SolutionProperties) = preSolution
		HideSolutionNode = FALSE
	EndGlobalSection
	GlobalSection(ExtensibilityGlobals) = postSolution
		SolutionGuid = {9F29AB8C-10D8-4BA0-AA20-BFEFBED00CC5}
	EndGlobalSection
EndGlobal
