
Microsoft Visual Studio Solution File, Format Version 12.00
# Visual Studio Version 17
VisualStudioVersion = 17.5.33502.453
MinimumVisualStudioVersion = 10.0.40219.1
Project("{9A19103F-16F7-4668-BE54-9A1E7A4F7556}") = "EJERCICIO2", "EJERCICIO2\EJERCICIO2.csproj", "{43C3BDCD-36B8-4352-958D-3D396B53C0AE}"
EndProject
Project("{9A19103F-16F7-4668-BE54-9A1E7A4F7556}") = "EJERCICIO1", "EJERCICIO1\EJERCICIO1.csproj", "{AFCC273D-021E-4308-96B2-1AE5C5548A1F}"
EndProject
Project("{9A19103F-16F7-4668-BE54-9A1E7A4F7556}") = "EJERCICIO3", "EJERCICIO3\EJERCICIO3.csproj", "{4C88ACDA-226E-4481-A9AD-2D3CDF03129D}"
EndProject
Project("{9A19103F-16F7-4668-BE54-9A1E7A4F7556}") = "EJERCICIO2BIS", "EJERCICIO2BIS\EJERCICIO2BIS.csproj", "{6A7003A9-8F28-4BF6-BF31-55A9C2A96883}"
EndProject
Project("{FAE04EC0-301F-11D3-BF4B-00C04F79EFBC}") = "EJERCICIO4", "EJERCICIO4\EJERCICIO4.csproj", "{15065C46-BAF5-48CC-A141-140C94F9F8F4}"
EndProject
Project("{FAE04EC0-301F-11D3-BF4B-00C04F79EFBC}") = "EJERCICIO5", "EJERCICIO5\EJERCICIO5.csproj", "{2CAB6863-D308-4607-8D30-C33441248FE8}"
EndProject
Global
	GlobalSection(SolutionConfigurationPlatforms) = preSolution
		Debug|Any CPU = Debug|Any CPU
		Release|Any CPU = Release|Any CPU
	EndGlobalSection
	GlobalSection(ProjectConfigurationPlatforms) = postSolution
		{43C3BDCD-36B8-4352-958D-3D396B53C0AE}.Debug|Any CPU.ActiveCfg = Debug|Any CPU
		{43C3BDCD-36B8-4352-958D-3D396B53C0AE}.Debug|Any CPU.Build.0 = Debug|Any CPU
		{43C3BDCD-36B8-4352-958D-3D396B53C0AE}.Release|Any CPU.ActiveCfg = Release|Any CPU
		{43C3BDCD-36B8-4352-958D-3D396B53C0AE}.Release|Any CPU.Build.0 = Release|Any CPU
		{AFCC273D-021E-4308-96B2-1AE5C5548A1F}.Debug|Any CPU.ActiveCfg = Debug|Any CPU
		{AFCC273D-021E-4308-96B2-1AE5C5548A1F}.Debug|Any CPU.Build.0 = Debug|Any CPU
		{AFCC273D-021E-4308-96B2-1AE5C5548A1F}.Release|Any CPU.ActiveCfg = Release|Any CPU
		{AFCC273D-021E-4308-96B2-1AE5C5548A1F}.Release|Any CPU.Build.0 = Release|Any CPU
		{4C88ACDA-226E-4481-A9AD-2D3CDF03129D}.Debug|Any CPU.ActiveCfg = Debug|Any CPU
		{4C88ACDA-226E-4481-A9AD-2D3CDF03129D}.Debug|Any CPU.Build.0 = Debug|Any CPU
		{4C88ACDA-226E-4481-A9AD-2D3CDF03129D}.Release|Any CPU.ActiveCfg = Release|Any CPU
		{4C88ACDA-226E-4481-A9AD-2D3CDF03129D}.Release|Any CPU.Build.0 = Release|Any CPU
		{6A7003A9-8F28-4BF6-BF31-55A9C2A96883}.Debug|Any CPU.ActiveCfg = Debug|Any CPU
		{6A7003A9-8F28-4BF6-BF31-55A9C2A96883}.Debug|Any CPU.Build.0 = Debug|Any CPU
		{6A7003A9-8F28-4BF6-BF31-55A9C2A96883}.Release|Any CPU.ActiveCfg = Release|Any CPU
		{6A7003A9-8F28-4BF6-BF31-55A9C2A96883}.Release|Any CPU.Build.0 = Release|Any CPU
		{15065C46-BAF5-48CC-A141-140C94F9F8F4}.Debug|Any CPU.ActiveCfg = Debug|Any CPU
		{15065C46-BAF5-48CC-A141-140C94F9F8F4}.Debug|Any CPU.Build.0 = Debug|Any CPU
		{15065C46-BAF5-48CC-A141-140C94F9F8F4}.Release|Any CPU.ActiveCfg = Release|Any CPU
		{15065C46-BAF5-48CC-A141-140C94F9F8F4}.Release|Any CPU.Build.0 = Release|Any CPU
		{2CAB6863-D308-4607-8D30-C33441248FE8}.Debug|Any CPU.ActiveCfg = Debug|Any CPU
		{2CAB6863-D308-4607-8D30-C33441248FE8}.Debug|Any CPU.Build.0 = Debug|Any CPU
		{2CAB6863-D308-4607-8D30-C33441248FE8}.Release|Any CPU.ActiveCfg = Release|Any CPU
		{2CAB6863-D308-4607-8D30-C33441248FE8}.Release|Any CPU.Build.0 = Release|Any CPU
	EndGlobalSection
	GlobalSection(SolutionProperties) = preSolution
		HideSolutionNode = FALSE
	EndGlobalSection
	GlobalSection(ExtensibilityGlobals) = postSolution
		SolutionGuid = {9F29AB8C-10D8-4BA0-AA20-BFEFBED00CC5}
	EndGlobalSection
EndGlobal
